
Microsoft Visual Studio Solution File, Format Version 12.00
# Visual Studio Version 17
VisualStudioVersion = 17.14.36202.13 d17.14
MinimumVisualStudioVersion = 10.0.40219.1
Project("{FAE04EC0-301F-11D3-BF4B-00C04F79EFBC}") = "Ejercicio_4_FrmPalindromo", "Ejercicio_4_FrmPalindromo\Ejercicio_4_FrmPalindromo.csproj", "{69C18E5E-446D-402A-8FA2-B8405117AFFF}"
EndProject
Global
	GlobalSection(SolutionConfigurationPlatforms) = preSolution
		Debug|Any CPU = Debug|Any CPU
		Release|Any CPU = Release|Any CPU
	EndGlobalSection
	GlobalSection(ProjectConfigurationPlatforms) = postSolution
		{69C18E5E-446D-402A-8FA2-B8405117AFFF}.Debug|Any CPU.ActiveCfg = Debug|Any CPU
		{69C18E5E-446D-402A-8FA2-B8405117AFFF}.Debug|Any CPU.Build.0 = Debug|Any CPU
		{69C18E5E-446D-402A-8FA2-B8405117AFFF}.Release|Any CPU.ActiveCfg = Release|Any CPU
		{69C18E5E-446D-402A-8FA2-B8405117AFFF}.Release|Any CPU.Build.0 = Release|Any CPU
	EndGlobalSection
	GlobalSection(SolutionProperties) = preSolution
		HideSolutionNode = FALSE
	EndGlobalSection
	GlobalSection(ExtensibilityGlobals) = postSolution
		SolutionGuid = {9BADF3DD-F9C5-4823-A336-164D1392BE98}
	EndGlobalSection
EndGlobal
