
Microsoft Visual Studio Solution File, Format Version 12.00
# Visual Studio Version 17
VisualStudioVersion = 17.14.36202.13 d17.14
MinimumVisualStudioVersion = 10.0.40219.1
Project("{FAE04EC0-301F-11D3-BF4B-00C04F79EFBC}") = "Ejercicio_6_FrmNumeroPerfecto", "Ejercicio_6_FrmNumeroPerfecto\Ejercicio_6_FrmNumeroPerfecto.csproj", "{3E465384-E0E2-4CCC-8080-454833AEA590}"
EndProject
Global
	GlobalSection(SolutionConfigurationPlatforms) = preSolution
		Debug|Any CPU = Debug|Any CPU
		Release|Any CPU = Release|Any CPU
	EndGlobalSection
	GlobalSection(ProjectConfigurationPlatforms) = postSolution
		{3E465384-E0E2-4CCC-8080-454833AEA590}.Debug|Any CPU.ActiveCfg = Debug|Any CPU
		{3E465384-E0E2-4CCC-8080-454833AEA590}.Debug|Any CPU.Build.0 = Debug|Any CPU
		{3E465384-E0E2-4CCC-8080-454833AEA590}.Release|Any CPU.ActiveCfg = Release|Any CPU
		{3E465384-E0E2-4CCC-8080-454833AEA590}.Release|Any CPU.Build.0 = Release|Any CPU
	EndGlobalSection
	GlobalSection(SolutionProperties) = preSolution
		HideSolutionNode = FALSE
	EndGlobalSection
	GlobalSection(ExtensibilityGlobals) = postSolution
		SolutionGuid = {159503FD-DC9E-49D9-A9E0-3AFB59F9723B}
	EndGlobalSection
EndGlobal
